# THIS IS AN AUTOGENERATED FILE. DO NOT EDIT THIS FILE DIRECTLY.
# yarn lockfile v1


"@jswork/next@^1.1.5":
  version "1.1.5"
  resolved "https://registry.npmmirror.com/@jswork/next/-/next-1.1.5.tgz#390692e4642624410a8ade9dea00e1f8a495fffa"
  integrity sha512-V9yOPsHhQN3bkBzlmH76YULklHYX+GftAQPGEJc0T9Gmqgt9BLCSJbCHq5PhbE6XEbUQ3b+PT8qUMA5dGjbJ4w==
