# THIS IS AN AUTOGENERATED FILE. DO NOT EDIT THIS FILE DIRECTLY.
# yarn lockfile v1


"@jswork/next@^1.2.6":
  version "1.2.6"
  resolved "https://registry.npmjs.org/@jswork/next/-/next-1.2.6.tgz#25ceb2c3b768e67713232685278d06e3b48c2c15"
  integrity sha512-P3StLoQC5Zwkt+BYmJHov58RJwyz20+gzvdyuCMBLkGXdRU4OwTj5dFcgaWuNA0jzSc5hlyctoXR6/WX0J8r+Q==
